// !$*UTF8*$!
{
	archiveVersion = 1;
	classes = {
	};
	objectVersion = 42;
	objects = {

/* Begin PBXBuildFile section */
		089C1680FE841241C02AAC07 /* InfoPlist.strings in Resources */ = {isa = PBXBuildFile; fileRef = 089C167DFE841241C02AAC07 /* InfoPlist.strings */; };
		B20DA2DD063856CD006E1947 /* PandaLua.framework in Frameworks */ = {isa = PBXBuildFile; fileRef = B20DA2DC063856CD006E1947 /* PandaLua.framework */; };
		B25FA009060CC723005E0147 /* main.c in Sources */ = {isa = PBXBuildFile; fileRef = B25FA007060CC723005E0147 /* main.c */; };
		B29A7E3905607892003DAC04 /* Panda.framework in Frameworks */ = {isa = PBXBuildFile; fileRef = B27AE6F405603A6700980793 /* Panda.framework */; };
/* End PBXBuildFile section */

/* Begin PBXBundleTarget section */
		089C1673FE841209C02AAC07 /* testModule */ = {
			isa = PBXBundleTarget;
			buildConfigurationList = 4BF041440B918972005C2FAE /* Build configuration list for PBXBundleTarget "testModule" */;
			buildPhases = (
				089C1674FE841209C02AAC07 /* Headers */,
				089C1675FE841209C02AAC07 /* Resources */,
				089C1676FE841209C02AAC07 /* Sources */,
				089C1677FE841209C02AAC07 /* Frameworks */,
				089C1679FE841209C02AAC07 /* Rez */,
			);
			dependencies = (
			);
			name = testModule;
			productName = testModule;
			productReference = 4F9091AB011F3BD104CA0E50 /* PandaLuaSupport.jpplugin */;
			productSettingsXML = "<?xml version=\"1.0\" encoding=\"UTF-8\"?>
<!DOCTYPE plist PUBLIC \"-//Apple Computer//DTD PLIST 1.0//EN\" \"http://www.apple.com/DTDs/PropertyList-1.0.dtd\">
<plist version=\"1.0\">
<dict>
	<key>CFBundleDevelopmentRegion</key>
	<string>English</string>
	<key>CFBundleExecutable</key>
	<string>PandaLuaSupport</string>
	<key>CFBundleIconFile</key>
	<string></string>
	<key>CFBundleIdentifier</key>
	<string>com.elementicaotici.JackPilot.pandaluasupport</string>
	<key>CFBundleInfoDictionaryVersion</key>
	<string>6.0</string>
	<key>CFBundlePackageType</key>
	<string>BNDL</string>
	<key>CFBundleSignature</key>
	<string>ElCa</string>
	<key>CFBundleVersion</key>
	<string>0.0.1d1</string>
	<key>CSResourcesFileMapped</key>
	<true/>
</dict>
</plist>
";
		};
/* End PBXBundleTarget section */

/* Begin PBXFileReference section */
		089C167EFE841241C02AAC07 /* English */ = {isa = PBXFileReference; fileEncoding = 10; lastKnownFileType = text.plist.strings; name = English; path = English.lproj/InfoPlist.strings; sourceTree = "<group>"; };
		4F9091AB011F3BD104CA0E50 /* PandaLuaSupport.jpplugin */ = {isa = PBXFileReference; explicitFileType = wrapper.cfbundle; path = PandaLuaSupport.jpplugin; sourceTree = BUILT_PRODUCTS_DIR; };
		B20DA2DC063856CD006E1947 /* PandaLua.framework */ = {isa = PBXFileReference; lastKnownFileType = wrapper.framework; name = PandaLua.framework; path = /Library/Frameworks/PandaLua.framework; sourceTree = "<absolute>"; };
		B25FA007060CC723005E0147 /* main.c */ = {isa = PBXFileReference; fileEncoding = 30; lastKnownFileType = sourcecode.c.c; path = main.c; sourceTree = "<group>"; };
		B27AE6F405603A6700980793 /* Panda.framework */ = {isa = PBXFileReference; lastKnownFileType = wrapper.framework; name = Panda.framework; path = /Library/Frameworks/Panda.framework; sourceTree = "<absolute>"; };
/* End PBXFileReference section */

/* Begin PBXFrameworksBuildPhase section */
		089C1677FE841209C02AAC07 /* Frameworks */ = {
			isa = PBXFrameworksBuildPhase;
			buildActionMask = 2147483647;
			files = (
				B29A7E3905607892003DAC04 /* Panda.framework in Frameworks */,
				B20DA2DD063856CD006E1947 /* PandaLua.framework in Frameworks */,
			);
			runOnlyForDeploymentPostprocessing = 0;
		};
/* End PBXFrameworksBuildPhase section */

/* Begin PBXGroup section */
		089C166AFE841209C02AAC07 /* testModule */ = {
			isa = PBXGroup;
			children = (
				08FB77ADFE841716C02AAC07 /* Source */,
				089C167CFE841241C02AAC07 /* Resources */,
				089C1671FE841209C02AAC07 /* External Frameworks and Libraries */,
				19C28FB4FE9D528D11CA2CBB /* Products */,
			);
			name = testModule;
			sourceTree = "<group>";
		};
		089C1671FE841209C02AAC07 /* External Frameworks and Libraries */ = {
			isa = PBXGroup;
			children = (
				B20DA2DC063856CD006E1947 /* PandaLua.framework */,
				B27AE6F405603A6700980793 /* Panda.framework */,
			);
			name = "External Frameworks and Libraries";
			sourceTree = "<group>";
		};
		089C167CFE841241C02AAC07 /* Resources */ = {
			isa = PBXGroup;
			children = (
				089C167DFE841241C02AAC07 /* InfoPlist.strings */,
			);
			name = Resources;
			sourceTree = "<group>";
		};
		08FB77ADFE841716C02AAC07 /* Source */ = {
			isa = PBXGroup;
			children = (
				B25FA007060CC723005E0147 /* main.c */,
			);
			name = Source;
			sourceTree = "<group>";
		};
		19C28FB4FE9D528D11CA2CBB /* Products */ = {
			isa = PBXGroup;
			children = (
				4F9091AB011F3BD104CA0E50 /* PandaLuaSupport.jpplugin */,
			);
			name = Products;
			sourceTree = "<group>";
		};
/* End PBXGroup section */

/* Begin PBXHeadersBuildPhase section */
		089C1674FE841209C02AAC07 /* Headers */ = {
			isa = PBXHeadersBuildPhase;
			buildActionMask = 2147483647;
			files = (
			);
			runOnlyForDeploymentPostprocessing = 0;
		};
/* End PBXHeadersBuildPhase section */

/* Begin PBXProject section */
		089C1669FE841209C02AAC07 /* Project object */ = {
			isa = PBXProject;
			buildConfigurationList = 4BF041480B918972005C2FAE /* Build configuration list for PBXProject "PandaLuaSupport" */;
			hasScannedForEncodings = 1;
			mainGroup = 089C166AFE841209C02AAC07 /* testModule */;
			projectDirPath = "";
			targets = (
				089C1673FE841209C02AAC07 /* testModule */,
			);
		};
/* End PBXProject section */

/* Begin PBXResourcesBuildPhase section */
		089C1675FE841209C02AAC07 /* Resources */ = {
			isa = PBXResourcesBuildPhase;
			buildActionMask = 2147483647;
			files = (
				089C1680FE841241C02AAC07 /* InfoPlist.strings in Resources */,
			);
			runOnlyForDeploymentPostprocessing = 0;
		};
/* End PBXResourcesBuildPhase section */

/* Begin PBXRezBuildPhase section */
		089C1679FE841209C02AAC07 /* Rez */ = {
			isa = PBXRezBuildPhase;
			buildActionMask = 2147483647;
			files = (
			);
			runOnlyForDeploymentPostprocessing = 0;
		};
/* End PBXRezBuildPhase section */

/* Begin PBXSourcesBuildPhase section */
		089C1676FE841209C02AAC07 /* Sources */ = {
			isa = PBXSourcesBuildPhase;
			buildActionMask = 2147483647;
			files = (
				B25FA009060CC723005E0147 /* main.c in Sources */,
			);
			runOnlyForDeploymentPostprocessing = 0;
		};
/* End PBXSourcesBuildPhase section */

/* Begin PBXVariantGroup section */
		089C167DFE841241C02AAC07 /* InfoPlist.strings */ = {
			isa = PBXVariantGroup;
			children = (
				089C167EFE841241C02AAC07 /* English */,
			);
			name = InfoPlist.strings;
			sourceTree = "<group>";
		};
/* End PBXVariantGroup section */

/* Begin XCBuildConfiguration section */
		4BF041450B918972005C2FAE /* Development */ = {
			isa = XCBuildConfiguration;
			buildSettings = {
				COPY_PHASE_STRIP = NO;
				DYLIB_COMPATIBILITY_VERSION = 1;
				DYLIB_CURRENT_VERSION = 1;
				FRAMEWORK_SEARCH_PATHS = "";
				GCC_DYNAMIC_NO_PIC = NO;
				GCC_ENABLE_FIX_AND_CONTINUE = YES;
				GCC_GENERATE_DEBUGGING_SYMBOLS = YES;
				GCC_OPTIMIZATION_LEVEL = 0;
				HEADER_SEARCH_PATHS = "";
				LIBRARY_SEARCH_PATHS = "\"/Volumes/Archivio HD/Development/xpanda/Panda/Modules/PandaLua/PLua\"";
				LIBRARY_STYLE = BUNDLE;
				OPTIMIZATION_CFLAGS = "-O0";
				OTHER_CFLAGS = "";
				OTHER_LDFLAGS = (
					"-bundle",
					"-undefined",
					suppress,
					"-flat_namespace",
				);
				OTHER_REZFLAGS = "";
				PRODUCT_NAME = PandaLuaSupport;
				SECTORDER_FLAGS = "";
				USE_GCC3_PFE_SUPPORT = NO;
				WARNING_CFLAGS = (
					"-Wmost",
					"-Wno-four-char-constants",
					"-Wno-unknown-pragmas",
				);
				WRAPPER_EXTENSION = jpplugin;
				ZERO_LINK = YES;
			};
			name = Development;
		};
		4BF041460B918972005C2FAE /* Deployment */ = {
			isa = XCBuildConfiguration;
			buildSettings = {
				COPY_PHASE_STRIP = YES;
				DYLIB_COMPATIBILITY_VERSION = 1;
				DYLIB_CURRENT_VERSION = 1;
				FRAMEWORK_SEARCH_PATHS = "";
				GCC_ENABLE_FIX_AND_CONTINUE = NO;
				HEADER_SEARCH_PATHS = "";
				LIBRARY_SEARCH_PATHS = "\"/Volumes/Archivio HD/Development/xpanda/Panda/Modules/PandaLua/PLua\"";
				LIBRARY_STYLE = BUNDLE;
				OPTIMIZATION_CFLAGS = "-O3";
				OTHER_CFLAGS = "";
				OTHER_LDFLAGS = (
					"-bundle",
					"-undefined",
					suppress,
					"-flat_namespace",
				);
				OTHER_REZFLAGS = "";
				PRODUCT_NAME = PandaLuaSupport;
				SECTORDER_FLAGS = "";
				USE_GCC3_PFE_SUPPORT = NO;
				WARNING_CFLAGS = (
					"-Wmost",
					"-Wno-four-char-constants",
					"-Wno-unknown-pragmas",
				);
				WRAPPER_EXTENSION = jpplugin;
				ZERO_LINK = NO;
			};
			name = Deployment;
		};
		4BF041470B918972005C2FAE /* Default */ = {
			isa = XCBuildConfiguration;
			buildSettings = {
				DYLIB_COMPATIBILITY_VERSION = 1;
				DYLIB_CURRENT_VERSION = 1;
				FRAMEWORK_SEARCH_PATHS = "";
				HEADER_SEARCH_PATHS = "";
				LIBRARY_SEARCH_PATHS = "\"/Volumes/Archivio HD/Development/xpanda/Panda/Modules/PandaLua/PLua\"";
				LIBRARY_STYLE = BUNDLE;
				OPTIMIZATION_CFLAGS = "-O3";
				OTHER_CFLAGS = "";
				OTHER_LDFLAGS = (
					"-bundle",
					"-undefined",
					suppress,
					"-flat_namespace",
				);
				OTHER_REZFLAGS = "";
				PRODUCT_NAME = PandaLuaSupport;
				SECTORDER_FLAGS = "";
				USE_GCC3_PFE_SUPPORT = NO;
				WARNING_CFLAGS = (
					"-Wmost",
					"-Wno-four-char-constants",
					"-Wno-unknown-pragmas",
				);
				WRAPPER_EXTENSION = jpplugin;
			};
			name = Default;
		};
		4BF041490B918972005C2FAE /* Development */ = {
			isa = XCBuildConfiguration;
			buildSettings = {
			};
			name = Development;
		};
		4BF0414A0B918972005C2FAE /* Deployment */ = {
			isa = XCBuildConfiguration;
			buildSettings = {
			};
			name = Deployment;
		};
		4BF0414B0B918972005C2FAE /* Default */ = {
			isa = XCBuildConfiguration;
			buildSettings = {
			};
			name = Default;
		};
/* End XCBuildConfiguration section */

/* Begin XCConfigurationList section */
		4BF041440B918972005C2FAE /* Build configuration list for PBXBundleTarget "testModule" */ = {
			isa = XCConfigurationList;
			buildConfigurations = (
				4BF041450B918972005C2FAE /* Development */,
				4BF041460B918972005C2FAE /* Deployment */,
				4BF041470B918972005C2FAE /* Default */,
			);
			defaultConfigurationIsVisible = 0;
			defaultConfigurationName = Default;
		};
		4BF041480B918972005C2FAE /* Build configuration list for PBXProject "PandaLuaSupport" */ = {
			isa = XCConfigurationList;
			buildConfigurations = (
				4BF041490B918972005C2FAE /* Development */,
				4BF0414A0B918972005C2FAE /* Deployment */,
				4BF0414B0B918972005C2FAE /* Default */,
			);
			defaultConfigurationIsVisible = 0;
			defaultConfigurationName = Default;
		};
/* End XCConfigurationList section */
	};
	rootObject = 089C1669FE841209C02AAC07 /* Project object */;
}
